
Microsoft Visual Studio Solution File, Format Version 12.00
# Visual Studio Version 16
VisualStudioVersion = 16.0.30002.166
MinimumVisualStudioVersion = 10.0.40219.1
Project("{FAE04EC0-301F-11D3-BF4B-00C04F79EFBC}") = "antsequence20th", "antsequence20th\antsequence20th.csproj", "{09CEF434-5014-4989-B7E7-A98427424B08}"
EndProject
Global
	GlobalSection(SolutionConfigurationPlatforms) = preSolution
		Debug|Any CPU = Debug|Any CPU
		Release|Any CPU = Release|Any CPU
	EndGlobalSection
	GlobalSection(ProjectConfigurationPlatforms) = postSolution
		{09CEF434-5014-4989-B7E7-A98427424B08}.Debug|Any CPU.ActiveCfg = Debug|Any CPU
		{09CEF434-5014-4989-B7E7-A98427424B08}.Debug|Any CPU.Build.0 = Debug|Any CPU
		{09CEF434-5014-4989-B7E7-A98427424B08}.Release|Any CPU.ActiveCfg = Release|Any CPU
		{09CEF434-5014-4989-B7E7-A98427424B08}.Release|Any CPU.Build.0 = Release|Any CPU
	EndGlobalSection
	GlobalSection(SolutionProperties) = preSolution
		HideSolutionNode = FALSE
	EndGlobalSection
	GlobalSection(ExtensibilityGlobals) = postSolution
		SolutionGuid = {84BC2C89-BA84-45F6-9A71-A6F446B6638D}
	EndGlobalSection
EndGlobal
